
Microsoft Visual Studio Solution File, Format Version 12.00
# Visual Studio Version 17
VisualStudioVersion = 17.5.002.0
MinimumVisualStudioVersion = 10.0.40219.1
Project("{2150E333-8FDC-42A3-9474-1A3956D46DE8}") = "ej1", "ej1", "{89D37429-1824-4981-86C5-FF237E5882C6}"
EndProject
Project("{9A19103F-16F7-4668-BE54-9A1E7A4F7556}") = "ej1", "ej1\ej1\ej1.csproj", "{B84429A4-B0FE-4AA9-9BD5-2D96CB0971F9}"
EndProject
Project("{2150E333-8FDC-42A3-9474-1A3956D46DE8}") = "ej2", "ej2", "{61D296EF-3271-4C30-BEB8-2D05559B16A3}"
EndProject
Project("{9A19103F-16F7-4668-BE54-9A1E7A4F7556}") = "ej2", "ej2\ej2\ej2.csproj", "{C3C23C69-407B-4D29-ACF1-CDD108C09E3D}"
EndProject
Project("{2150E333-8FDC-42A3-9474-1A3956D46DE8}") = "ej3", "ej3", "{81B43187-A143-4A52-ADDC-AFF3DFACC7F2}"
EndProject
Project("{9A19103F-16F7-4668-BE54-9A1E7A4F7556}") = "ej3", "ej3\ej3\ej3.csproj", "{D7FE5344-4D26-4B50-A425-FD5B769E23A9}"
EndProject
Project("{2150E333-8FDC-42A3-9474-1A3956D46DE8}") = "ej4", "ej4", "{9416A6F0-A600-4A7A-8E42-E3C7E52D7297}"
EndProject
Project("{9A19103F-16F7-4668-BE54-9A1E7A4F7556}") = "ej4", "ej4\ej4\ej4.csproj", "{C1BDFFD9-CB0A-40C0-AE4F-0F2A958745DA}"
EndProject
Project("{2150E333-8FDC-42A3-9474-1A3956D46DE8}") = "ej5", "ej5", "{648BB9A3-BEC3-467D-86DC-A8BE9D356474}"
EndProject
Project("{9A19103F-16F7-4668-BE54-9A1E7A4F7556}") = "ej5", "ej5\ej5\ej5.csproj", "{4D48B84E-D417-4118-B341-C11CE8EE3F22}"
EndProject
Global
	GlobalSection(SolutionConfigurationPlatforms) = preSolution
		Debug|Any CPU = Debug|Any CPU
		Release|Any CPU = Release|Any CPU
	EndGlobalSection
	GlobalSection(ProjectConfigurationPlatforms) = postSolution
		{B84429A4-B0FE-4AA9-9BD5-2D96CB0971F9}.Debug|Any CPU.ActiveCfg = Debug|Any CPU
		{B84429A4-B0FE-4AA9-9BD5-2D96CB0971F9}.Debug|Any CPU.Build.0 = Debug|Any CPU
		{B84429A4-B0FE-4AA9-9BD5-2D96CB0971F9}.Release|Any CPU.ActiveCfg = Release|Any CPU
		{B84429A4-B0FE-4AA9-9BD5-2D96CB0971F9}.Release|Any CPU.Build.0 = Release|Any CPU
		{C3C23C69-407B-4D29-ACF1-CDD108C09E3D}.Debug|Any CPU.ActiveCfg = Debug|Any CPU
		{C3C23C69-407B-4D29-ACF1-CDD108C09E3D}.Debug|Any CPU.Build.0 = Debug|Any CPU
		{C3C23C69-407B-4D29-ACF1-CDD108C09E3D}.Release|Any CPU.ActiveCfg = Release|Any CPU
		{C3C23C69-407B-4D29-ACF1-CDD108C09E3D}.Release|Any CPU.Build.0 = Release|Any CPU
		{D7FE5344-4D26-4B50-A425-FD5B769E23A9}.Debug|Any CPU.ActiveCfg = Debug|Any CPU
		{D7FE5344-4D26-4B50-A425-FD5B769E23A9}.Debug|Any CPU.Build.0 = Debug|Any CPU
		{D7FE5344-4D26-4B50-A425-FD5B769E23A9}.Release|Any CPU.ActiveCfg = Release|Any CPU
		{D7FE5344-4D26-4B50-A425-FD5B769E23A9}.Release|Any CPU.Build.0 = Release|Any CPU
		{C1BDFFD9-CB0A-40C0-AE4F-0F2A958745DA}.Debug|Any CPU.ActiveCfg = Debug|Any CPU
		{C1BDFFD9-CB0A-40C0-AE4F-0F2A958745DA}.Debug|Any CPU.Build.0 = Debug|Any CPU
		{C1BDFFD9-CB0A-40C0-AE4F-0F2A958745DA}.Release|Any CPU.ActiveCfg = Release|Any CPU
		{C1BDFFD9-CB0A-40C0-AE4F-0F2A958745DA}.Release|Any CPU.Build.0 = Release|Any CPU
		{4D48B84E-D417-4118-B341-C11CE8EE3F22}.Debug|Any CPU.ActiveCfg = Debug|Any CPU
		{4D48B84E-D417-4118-B341-C11CE8EE3F22}.Debug|Any CPU.Build.0 = Debug|Any CPU
		{4D48B84E-D417-4118-B341-C11CE8EE3F22}.Release|Any CPU.ActiveCfg = Release|Any CPU
		{4D48B84E-D417-4118-B341-C11CE8EE3F22}.Release|Any CPU.Build.0 = Release|Any CPU
	EndGlobalSection
	GlobalSection(SolutionProperties) = preSolution
		HideSolutionNode = FALSE
	EndGlobalSection
	GlobalSection(NestedProjects) = preSolution
		{B84429A4-B0FE-4AA9-9BD5-2D96CB0971F9} = {89D37429-1824-4981-86C5-FF237E5882C6}
		{C3C23C69-407B-4D29-ACF1-CDD108C09E3D} = {61D296EF-3271-4C30-BEB8-2D05559B16A3}
		{D7FE5344-4D26-4B50-A425-FD5B769E23A9} = {81B43187-A143-4A52-ADDC-AFF3DFACC7F2}
		{C1BDFFD9-CB0A-40C0-AE4F-0F2A958745DA} = {9416A6F0-A600-4A7A-8E42-E3C7E52D7297}
		{4D48B84E-D417-4118-B341-C11CE8EE3F22} = {648BB9A3-BEC3-467D-86DC-A8BE9D356474}
	EndGlobalSection
	GlobalSection(ExtensibilityGlobals) = postSolution
		SolutionGuid = {09C18BE0-03B6-4BA4-AE81-7D06C140CA44}
	EndGlobalSection
EndGlobal
