
Microsoft Visual Studio Solution File, Format Version 12.00
# Visual Studio Version 17
VisualStudioVersion = 17.8.34525.116
MinimumVisualStudioVersion = 10.0.40219.1
Project("{FAE04EC0-301F-11D3-BF4B-00C04F79EFBC}") = "eje1", "eje1\eje1.csproj", "{A0962E1E-34E7-4C04-A194-B9D21BB1D767}"
EndProject
Project("{FAE04EC0-301F-11D3-BF4B-00C04F79EFBC}") = "eje2", "eje2\eje2.csproj", "{027FB9B1-92C0-4BDC-9C98-913265CF15F3}"
EndProject
Project("{FAE04EC0-301F-11D3-BF4B-00C04F79EFBC}") = "eje3", "eje3\eje3.csproj", "{01EF7B78-EC28-4A2F-BAF1-10F297B2C653}"
EndProject
Project("{FAE04EC0-301F-11D3-BF4B-00C04F79EFBC}") = "eje4", "eje4\eje4.csproj", "{A3942F5E-0066-4890-81BB-976601C6A150}"
EndProject
Project("{FAE04EC0-301F-11D3-BF4B-00C04F79EFBC}") = "eje5", "eje5\eje5.csproj", "{1894EDED-8C8B-426B-89D2-CE07BCCC8471}"
EndProject
Project("{FAE04EC0-301F-11D3-BF4B-00C04F79EFBC}") = "eje6", "eje6\eje6.csproj", "{E1D3EEFC-CACD-4F43-88D1-FE80B4223E6D}"
EndProject
Project("{FAE04EC0-301F-11D3-BF4B-00C04F79EFBC}") = "eje7", "eje7\eje7.csproj", "{8BFAF0F7-EE4E-46D6-8AF3-841BD5517526}"
EndProject
Project("{FAE04EC0-301F-11D3-BF4B-00C04F79EFBC}") = "eje8", "eje8\eje8.csproj", "{F8ACBFD2-2BA5-449A-9A51-D561CB5FF83E}"
EndProject
Project("{FAE04EC0-301F-11D3-BF4B-00C04F79EFBC}") = "eje10", "eje10\eje10.csproj", "{01966AF5-7E98-4C99-B212-58B82DEE0A7B}"
EndProject
Project("{FAE04EC0-301F-11D3-BF4B-00C04F79EFBC}") = "eje9", "eje9\eje9.csproj", "{2AF0CFE7-E1D6-4F28-8FDA-90D905DE4FFE}"
EndProject
Project("{FAE04EC0-301F-11D3-BF4B-00C04F79EFBC}") = "eje11", "eje11\eje11.csproj", "{E986106C-415B-465D-98CC-3523D5BC4C60}"
EndProject
Project("{FAE04EC0-301F-11D3-BF4B-00C04F79EFBC}") = "eje12", "eje12\eje12.csproj", "{F564981C-AE55-4584-9555-0AC8724CA594}"
EndProject
Project("{FAE04EC0-301F-11D3-BF4B-00C04F79EFBC}") = "eje13", "eje13\eje13.csproj", "{47332A53-253D-479E-AB0E-58BA8579C820}"
EndProject
Project("{FAE04EC0-301F-11D3-BF4B-00C04F79EFBC}") = "eje14", "eje14\eje14.csproj", "{8C33DF9B-98B2-445F-9586-8E7A5B6D3488}"
EndProject
Project("{FAE04EC0-301F-11D3-BF4B-00C04F79EFBC}") = "eje15", "eje15\eje15.csproj", "{CE7E3AF0-C6FA-41F8-A5CA-C24774C50C54}"
EndProject
Project("{FAE04EC0-301F-11D3-BF4B-00C04F79EFBC}") = "eje16", "eje16\eje16.csproj", "{F5D7FB03-11A6-4AB0-884E-878240DC1D76}"
EndProject
Global
	GlobalSection(SolutionConfigurationPlatforms) = preSolution
		Debug|Any CPU = Debug|Any CPU
		Release|Any CPU = Release|Any CPU
	EndGlobalSection
	GlobalSection(ProjectConfigurationPlatforms) = postSolution
		{A0962E1E-34E7-4C04-A194-B9D21BB1D767}.Debug|Any CPU.ActiveCfg = Debug|Any CPU
		{A0962E1E-34E7-4C04-A194-B9D21BB1D767}.Debug|Any CPU.Build.0 = Debug|Any CPU
		{A0962E1E-34E7-4C04-A194-B9D21BB1D767}.Release|Any CPU.ActiveCfg = Release|Any CPU
		{A0962E1E-34E7-4C04-A194-B9D21BB1D767}.Release|Any CPU.Build.0 = Release|Any CPU
		{027FB9B1-92C0-4BDC-9C98-913265CF15F3}.Debug|Any CPU.ActiveCfg = Debug|Any CPU
		{027FB9B1-92C0-4BDC-9C98-913265CF15F3}.Debug|Any CPU.Build.0 = Debug|Any CPU
		{027FB9B1-92C0-4BDC-9C98-913265CF15F3}.Release|Any CPU.ActiveCfg = Release|Any CPU
		{027FB9B1-92C0-4BDC-9C98-913265CF15F3}.Release|Any CPU.Build.0 = Release|Any CPU
		{01EF7B78-EC28-4A2F-BAF1-10F297B2C653}.Debug|Any CPU.ActiveCfg = Debug|Any CPU
		{01EF7B78-EC28-4A2F-BAF1-10F297B2C653}.Debug|Any CPU.Build.0 = Debug|Any CPU
		{01EF7B78-EC28-4A2F-BAF1-10F297B2C653}.Release|Any CPU.ActiveCfg = Release|Any CPU
		{01EF7B78-EC28-4A2F-BAF1-10F297B2C653}.Release|Any CPU.Build.0 = Release|Any CPU
		{A3942F5E-0066-4890-81BB-976601C6A150}.Debug|Any CPU.ActiveCfg = Debug|Any CPU
		{A3942F5E-0066-4890-81BB-976601C6A150}.Debug|Any CPU.Build.0 = Debug|Any CPU
		{A3942F5E-0066-4890-81BB-976601C6A150}.Release|Any CPU.ActiveCfg = Release|Any CPU
		{A3942F5E-0066-4890-81BB-976601C6A150}.Release|Any CPU.Build.0 = Release|Any CPU
		{1894EDED-8C8B-426B-89D2-CE07BCCC8471}.Debug|Any CPU.ActiveCfg = Debug|Any CPU
		{1894EDED-8C8B-426B-89D2-CE07BCCC8471}.Debug|Any CPU.Build.0 = Debug|Any CPU
		{1894EDED-8C8B-426B-89D2-CE07BCCC8471}.Release|Any CPU.ActiveCfg = Release|Any CPU
		{1894EDED-8C8B-426B-89D2-CE07BCCC8471}.Release|Any CPU.Build.0 = Release|Any CPU
		{E1D3EEFC-CACD-4F43-88D1-FE80B4223E6D}.Debug|Any CPU.ActiveCfg = Debug|Any CPU
		{E1D3EEFC-CACD-4F43-88D1-FE80B4223E6D}.Debug|Any CPU.Build.0 = Debug|Any CPU
		{E1D3EEFC-CACD-4F43-88D1-FE80B4223E6D}.Release|Any CPU.ActiveCfg = Release|Any CPU
		{E1D3EEFC-CACD-4F43-88D1-FE80B4223E6D}.Release|Any CPU.Build.0 = Release|Any CPU
		{8BFAF0F7-EE4E-46D6-8AF3-841BD5517526}.Debug|Any CPU.ActiveCfg = Debug|Any CPU
		{8BFAF0F7-EE4E-46D6-8AF3-841BD5517526}.Debug|Any CPU.Build.0 = Debug|Any CPU
		{8BFAF0F7-EE4E-46D6-8AF3-841BD5517526}.Release|Any CPU.ActiveCfg = Release|Any CPU
		{8BFAF0F7-EE4E-46D6-8AF3-841BD5517526}.Release|Any CPU.Build.0 = Release|Any CPU
		{F8ACBFD2-2BA5-449A-9A51-D561CB5FF83E}.Debug|Any CPU.ActiveCfg = Debug|Any CPU
		{F8ACBFD2-2BA5-449A-9A51-D561CB5FF83E}.Debug|Any CPU.Build.0 = Debug|Any CPU
		{F8ACBFD2-2BA5-449A-9A51-D561CB5FF83E}.Release|Any CPU.ActiveCfg = Release|Any CPU
		{F8ACBFD2-2BA5-449A-9A51-D561CB5FF83E}.Release|Any CPU.Build.0 = Release|Any CPU
		{01966AF5-7E98-4C99-B212-58B82DEE0A7B}.Debug|Any CPU.ActiveCfg = Debug|Any CPU
		{01966AF5-7E98-4C99-B212-58B82DEE0A7B}.Debug|Any CPU.Build.0 = Debug|Any CPU
		{01966AF5-7E98-4C99-B212-58B82DEE0A7B}.Release|Any CPU.ActiveCfg = Release|Any CPU
		{01966AF5-7E98-4C99-B212-58B82DEE0A7B}.Release|Any CPU.Build.0 = Release|Any CPU
		{2AF0CFE7-E1D6-4F28-8FDA-90D905DE4FFE}.Debug|Any CPU.ActiveCfg = Debug|Any CPU
		{2AF0CFE7-E1D6-4F28-8FDA-90D905DE4FFE}.Debug|Any CPU.Build.0 = Debug|Any CPU
		{2AF0CFE7-E1D6-4F28-8FDA-90D905DE4FFE}.Release|Any CPU.ActiveCfg = Release|Any CPU
		{2AF0CFE7-E1D6-4F28-8FDA-90D905DE4FFE}.Release|Any CPU.Build.0 = Release|Any CPU
		{E986106C-415B-465D-98CC-3523D5BC4C60}.Debug|Any CPU.ActiveCfg = Debug|Any CPU
		{E986106C-415B-465D-98CC-3523D5BC4C60}.Debug|Any CPU.Build.0 = Debug|Any CPU
		{E986106C-415B-465D-98CC-3523D5BC4C60}.Release|Any CPU.ActiveCfg = Release|Any CPU
		{E986106C-415B-465D-98CC-3523D5BC4C60}.Release|Any CPU.Build.0 = Release|Any CPU
		{F564981C-AE55-4584-9555-0AC8724CA594}.Debug|Any CPU.ActiveCfg = Debug|Any CPU
		{F564981C-AE55-4584-9555-0AC8724CA594}.Debug|Any CPU.Build.0 = Debug|Any CPU
		{F564981C-AE55-4584-9555-0AC8724CA594}.Release|Any CPU.ActiveCfg = Release|Any CPU
		{F564981C-AE55-4584-9555-0AC8724CA594}.Release|Any CPU.Build.0 = Release|Any CPU
		{47332A53-253D-479E-AB0E-58BA8579C820}.Debug|Any CPU.ActiveCfg = Debug|Any CPU
		{47332A53-253D-479E-AB0E-58BA8579C820}.Debug|Any CPU.Build.0 = Debug|Any CPU
		{47332A53-253D-479E-AB0E-58BA8579C820}.Release|Any CPU.ActiveCfg = Release|Any CPU
		{47332A53-253D-479E-AB0E-58BA8579C820}.Release|Any CPU.Build.0 = Release|Any CPU
		{8C33DF9B-98B2-445F-9586-8E7A5B6D3488}.Debug|Any CPU.ActiveCfg = Debug|Any CPU
		{8C33DF9B-98B2-445F-9586-8E7A5B6D3488}.Debug|Any CPU.Build.0 = Debug|Any CPU
		{8C33DF9B-98B2-445F-9586-8E7A5B6D3488}.Release|Any CPU.ActiveCfg = Release|Any CPU
		{8C33DF9B-98B2-445F-9586-8E7A5B6D3488}.Release|Any CPU.Build.0 = Release|Any CPU
		{CE7E3AF0-C6FA-41F8-A5CA-C24774C50C54}.Debug|Any CPU.ActiveCfg = Debug|Any CPU
		{CE7E3AF0-C6FA-41F8-A5CA-C24774C50C54}.Debug|Any CPU.Build.0 = Debug|Any CPU
		{CE7E3AF0-C6FA-41F8-A5CA-C24774C50C54}.Release|Any CPU.ActiveCfg = Release|Any CPU
		{CE7E3AF0-C6FA-41F8-A5CA-C24774C50C54}.Release|Any CPU.Build.0 = Release|Any CPU
		{F5D7FB03-11A6-4AB0-884E-878240DC1D76}.Debug|Any CPU.ActiveCfg = Debug|Any CPU
		{F5D7FB03-11A6-4AB0-884E-878240DC1D76}.Debug|Any CPU.Build.0 = Debug|Any CPU
		{F5D7FB03-11A6-4AB0-884E-878240DC1D76}.Release|Any CPU.ActiveCfg = Release|Any CPU
		{F5D7FB03-11A6-4AB0-884E-878240DC1D76}.Release|Any CPU.Build.0 = Release|Any CPU
	EndGlobalSection
	GlobalSection(SolutionProperties) = preSolution
		HideSolutionNode = FALSE
	EndGlobalSection
	GlobalSection(ExtensibilityGlobals) = postSolution
		SolutionGuid = {08F1E6FC-411A-4E78-A74F-A6EB0DDFFB98}
	EndGlobalSection
EndGlobal
