
Microsoft Visual Studio Solution File, Format Version 12.00
# Visual Studio Version 17
VisualStudioVersion = 17.8.34525.116
MinimumVisualStudioVersion = 10.0.40219.1
Project("{FAE04EC0-301F-11D3-BF4B-00C04F79EFBC}") = "Eje2", "Guia3\Eje2.csproj", "{A7CC7ACD-C8E0-426F-8581-4449E6E851AD}"
EndProject
Project("{FAE04EC0-301F-11D3-BF4B-00C04F79EFBC}") = "Eje1", "Eje1\Eje1.csproj", "{D61A84D6-F8B1-454B-8554-6009744B0F89}"
EndProject
Project("{FAE04EC0-301F-11D3-BF4B-00C04F79EFBC}") = "Eje3", "Eje3\Eje3.csproj", "{9D44698A-0BDE-493F-9182-A4846E413939}"
EndProject
Project("{FAE04EC0-301F-11D3-BF4B-00C04F79EFBC}") = "Eje4", "Eje4\Eje4.csproj", "{3A7F855A-631C-4CDD-BBC3-36501EDFE1CA}"
EndProject
Project("{FAE04EC0-301F-11D3-BF4B-00C04F79EFBC}") = "Eje5", "Eje5\Eje5.csproj", "{4E369A1C-9072-45A0-9147-FFFE5DA97136}"
EndProject
Project("{FAE04EC0-301F-11D3-BF4B-00C04F79EFBC}") = "Eje6", "Eje6\Eje6.csproj", "{37F141A3-3D41-4B85-95B5-BEBAF4CCF23F}"
EndProject
Project("{FAE04EC0-301F-11D3-BF4B-00C04F79EFBC}") = "Eje7", "Eje7\Eje7.csproj", "{BFA74204-0D5D-40B2-98F1-4E23964256E0}"
EndProject
Project("{FAE04EC0-301F-11D3-BF4B-00C04F79EFBC}") = "Eje8", "Eje8\Eje8.csproj", "{3AE8B1EB-220C-4BC8-BDF9-82BB258A53A2}"
EndProject
Project("{FAE04EC0-301F-11D3-BF4B-00C04F79EFBC}") = "Eje9", "Eje9\Eje9.csproj", "{1AB2981C-532A-410C-B05F-9F1124080987}"
EndProject
Project("{FAE04EC0-301F-11D3-BF4B-00C04F79EFBC}") = "Eje10", "Eje10\Eje10.csproj", "{3705E8C5-5F54-4951-B107-39167EB4EB54}"
EndProject
Project("{FAE04EC0-301F-11D3-BF4B-00C04F79EFBC}") = "Eje11", "Eje11\Eje11.csproj", "{E0FC0414-BA75-4F64-B974-B6BC6ACB6D49}"
EndProject
Project("{FAE04EC0-301F-11D3-BF4B-00C04F79EFBC}") = "Eje12", "Eje12\Eje12.csproj", "{D4D66ADB-FFD0-4DC6-8F0B-D8846E3EF0D1}"
EndProject
Project("{FAE04EC0-301F-11D3-BF4B-00C04F79EFBC}") = "Eje13", "Eje13\Eje13.csproj", "{BFE6D18D-C070-4635-BB46-D07E1919F138}"
EndProject
Project("{FAE04EC0-301F-11D3-BF4B-00C04F79EFBC}") = "Eje14", "Eje14\Eje14.csproj", "{3A952832-0EAA-4E6E-B96F-8A269118510D}"
EndProject
Project("{FAE04EC0-301F-11D3-BF4B-00C04F79EFBC}") = "Eje15", "Eje15\Eje15.csproj", "{9DB74A00-7399-4080-AB2F-81E59A3CA1E0}"
EndProject
Project("{FAE04EC0-301F-11D3-BF4B-00C04F79EFBC}") = "Eje16", "Eje16\Eje16.csproj", "{6C88B437-9DEF-401D-908F-F980AD665B24}"
EndProject
Project("{FAE04EC0-301F-11D3-BF4B-00C04F79EFBC}") = "Eje17", "Eje17\Eje17.csproj", "{C5F1CA24-6BD7-45FC-A715-166EA4904383}"
EndProject
Project("{FAE04EC0-301F-11D3-BF4B-00C04F79EFBC}") = "Eje18", "Eje18\Eje18.csproj", "{7AF2F09C-04CB-43DE-8BD1-37B40D298E32}"
EndProject
Project("{FAE04EC0-301F-11D3-BF4B-00C04F79EFBC}") = "Eje19", "Eje19\Eje19.csproj", "{A14B7234-EEA4-440D-AC4B-9173B4C31115}"
EndProject
Project("{FAE04EC0-301F-11D3-BF4B-00C04F79EFBC}") = "Eje20", "Eje20\Eje20.csproj", "{45169822-9939-476C-84F8-17375A6AA460}"
EndProject
Global
	GlobalSection(SolutionConfigurationPlatforms) = preSolution
		Debug|Any CPU = Debug|Any CPU
		Release|Any CPU = Release|Any CPU
	EndGlobalSection
	GlobalSection(ProjectConfigurationPlatforms) = postSolution
		{A7CC7ACD-C8E0-426F-8581-4449E6E851AD}.Debug|Any CPU.ActiveCfg = Debug|Any CPU
		{A7CC7ACD-C8E0-426F-8581-4449E6E851AD}.Debug|Any CPU.Build.0 = Debug|Any CPU
		{A7CC7ACD-C8E0-426F-8581-4449E6E851AD}.Release|Any CPU.ActiveCfg = Release|Any CPU
		{A7CC7ACD-C8E0-426F-8581-4449E6E851AD}.Release|Any CPU.Build.0 = Release|Any CPU
		{D61A84D6-F8B1-454B-8554-6009744B0F89}.Debug|Any CPU.ActiveCfg = Debug|Any CPU
		{D61A84D6-F8B1-454B-8554-6009744B0F89}.Debug|Any CPU.Build.0 = Debug|Any CPU
		{D61A84D6-F8B1-454B-8554-6009744B0F89}.Release|Any CPU.ActiveCfg = Release|Any CPU
		{D61A84D6-F8B1-454B-8554-6009744B0F89}.Release|Any CPU.Build.0 = Release|Any CPU
		{9D44698A-0BDE-493F-9182-A4846E413939}.Debug|Any CPU.ActiveCfg = Debug|Any CPU
		{9D44698A-0BDE-493F-9182-A4846E413939}.Debug|Any CPU.Build.0 = Debug|Any CPU
		{9D44698A-0BDE-493F-9182-A4846E413939}.Release|Any CPU.ActiveCfg = Release|Any CPU
		{9D44698A-0BDE-493F-9182-A4846E413939}.Release|Any CPU.Build.0 = Release|Any CPU
		{3A7F855A-631C-4CDD-BBC3-36501EDFE1CA}.Debug|Any CPU.ActiveCfg = Debug|Any CPU
		{3A7F855A-631C-4CDD-BBC3-36501EDFE1CA}.Debug|Any CPU.Build.0 = Debug|Any CPU
		{3A7F855A-631C-4CDD-BBC3-36501EDFE1CA}.Release|Any CPU.ActiveCfg = Release|Any CPU
		{3A7F855A-631C-4CDD-BBC3-36501EDFE1CA}.Release|Any CPU.Build.0 = Release|Any CPU
		{4E369A1C-9072-45A0-9147-FFFE5DA97136}.Debug|Any CPU.ActiveCfg = Debug|Any CPU
		{4E369A1C-9072-45A0-9147-FFFE5DA97136}.Debug|Any CPU.Build.0 = Debug|Any CPU
		{4E369A1C-9072-45A0-9147-FFFE5DA97136}.Release|Any CPU.ActiveCfg = Release|Any CPU
		{4E369A1C-9072-45A0-9147-FFFE5DA97136}.Release|Any CPU.Build.0 = Release|Any CPU
		{37F141A3-3D41-4B85-95B5-BEBAF4CCF23F}.Debug|Any CPU.ActiveCfg = Debug|Any CPU
		{37F141A3-3D41-4B85-95B5-BEBAF4CCF23F}.Debug|Any CPU.Build.0 = Debug|Any CPU
		{37F141A3-3D41-4B85-95B5-BEBAF4CCF23F}.Release|Any CPU.ActiveCfg = Release|Any CPU
		{37F141A3-3D41-4B85-95B5-BEBAF4CCF23F}.Release|Any CPU.Build.0 = Release|Any CPU
		{BFA74204-0D5D-40B2-98F1-4E23964256E0}.Debug|Any CPU.ActiveCfg = Debug|Any CPU
		{BFA74204-0D5D-40B2-98F1-4E23964256E0}.Debug|Any CPU.Build.0 = Debug|Any CPU
		{BFA74204-0D5D-40B2-98F1-4E23964256E0}.Release|Any CPU.ActiveCfg = Release|Any CPU
		{BFA74204-0D5D-40B2-98F1-4E23964256E0}.Release|Any CPU.Build.0 = Release|Any CPU
		{3AE8B1EB-220C-4BC8-BDF9-82BB258A53A2}.Debug|Any CPU.ActiveCfg = Debug|Any CPU
		{3AE8B1EB-220C-4BC8-BDF9-82BB258A53A2}.Debug|Any CPU.Build.0 = Debug|Any CPU
		{3AE8B1EB-220C-4BC8-BDF9-82BB258A53A2}.Release|Any CPU.ActiveCfg = Release|Any CPU
		{3AE8B1EB-220C-4BC8-BDF9-82BB258A53A2}.Release|Any CPU.Build.0 = Release|Any CPU
		{1AB2981C-532A-410C-B05F-9F1124080987}.Debug|Any CPU.ActiveCfg = Debug|Any CPU
		{1AB2981C-532A-410C-B05F-9F1124080987}.Debug|Any CPU.Build.0 = Debug|Any CPU
		{1AB2981C-532A-410C-B05F-9F1124080987}.Release|Any CPU.ActiveCfg = Release|Any CPU
		{1AB2981C-532A-410C-B05F-9F1124080987}.Release|Any CPU.Build.0 = Release|Any CPU
		{3705E8C5-5F54-4951-B107-39167EB4EB54}.Debug|Any CPU.ActiveCfg = Debug|Any CPU
		{3705E8C5-5F54-4951-B107-39167EB4EB54}.Debug|Any CPU.Build.0 = Debug|Any CPU
		{3705E8C5-5F54-4951-B107-39167EB4EB54}.Release|Any CPU.ActiveCfg = Release|Any CPU
		{3705E8C5-5F54-4951-B107-39167EB4EB54}.Release|Any CPU.Build.0 = Release|Any CPU
		{E0FC0414-BA75-4F64-B974-B6BC6ACB6D49}.Debug|Any CPU.ActiveCfg = Debug|Any CPU
		{E0FC0414-BA75-4F64-B974-B6BC6ACB6D49}.Debug|Any CPU.Build.0 = Debug|Any CPU
		{E0FC0414-BA75-4F64-B974-B6BC6ACB6D49}.Release|Any CPU.ActiveCfg = Release|Any CPU
		{E0FC0414-BA75-4F64-B974-B6BC6ACB6D49}.Release|Any CPU.Build.0 = Release|Any CPU
		{D4D66ADB-FFD0-4DC6-8F0B-D8846E3EF0D1}.Debug|Any CPU.ActiveCfg = Debug|Any CPU
		{D4D66ADB-FFD0-4DC6-8F0B-D8846E3EF0D1}.Debug|Any CPU.Build.0 = Debug|Any CPU
		{D4D66ADB-FFD0-4DC6-8F0B-D8846E3EF0D1}.Release|Any CPU.ActiveCfg = Release|Any CPU
		{D4D66ADB-FFD0-4DC6-8F0B-D8846E3EF0D1}.Release|Any CPU.Build.0 = Release|Any CPU
		{BFE6D18D-C070-4635-BB46-D07E1919F138}.Debug|Any CPU.ActiveCfg = Debug|Any CPU
		{BFE6D18D-C070-4635-BB46-D07E1919F138}.Debug|Any CPU.Build.0 = Debug|Any CPU
		{BFE6D18D-C070-4635-BB46-D07E1919F138}.Release|Any CPU.ActiveCfg = Release|Any CPU
		{BFE6D18D-C070-4635-BB46-D07E1919F138}.Release|Any CPU.Build.0 = Release|Any CPU
		{3A952832-0EAA-4E6E-B96F-8A269118510D}.Debug|Any CPU.ActiveCfg = Debug|Any CPU
		{3A952832-0EAA-4E6E-B96F-8A269118510D}.Debug|Any CPU.Build.0 = Debug|Any CPU
		{3A952832-0EAA-4E6E-B96F-8A269118510D}.Release|Any CPU.ActiveCfg = Release|Any CPU
		{3A952832-0EAA-4E6E-B96F-8A269118510D}.Release|Any CPU.Build.0 = Release|Any CPU
		{9DB74A00-7399-4080-AB2F-81E59A3CA1E0}.Debug|Any CPU.ActiveCfg = Debug|Any CPU
		{9DB74A00-7399-4080-AB2F-81E59A3CA1E0}.Debug|Any CPU.Build.0 = Debug|Any CPU
		{9DB74A00-7399-4080-AB2F-81E59A3CA1E0}.Release|Any CPU.ActiveCfg = Release|Any CPU
		{9DB74A00-7399-4080-AB2F-81E59A3CA1E0}.Release|Any CPU.Build.0 = Release|Any CPU
		{6C88B437-9DEF-401D-908F-F980AD665B24}.Debug|Any CPU.ActiveCfg = Debug|Any CPU
		{6C88B437-9DEF-401D-908F-F980AD665B24}.Debug|Any CPU.Build.0 = Debug|Any CPU
		{6C88B437-9DEF-401D-908F-F980AD665B24}.Release|Any CPU.ActiveCfg = Release|Any CPU
		{6C88B437-9DEF-401D-908F-F980AD665B24}.Release|Any CPU.Build.0 = Release|Any CPU
		{C5F1CA24-6BD7-45FC-A715-166EA4904383}.Debug|Any CPU.ActiveCfg = Debug|Any CPU
		{C5F1CA24-6BD7-45FC-A715-166EA4904383}.Debug|Any CPU.Build.0 = Debug|Any CPU
		{C5F1CA24-6BD7-45FC-A715-166EA4904383}.Release|Any CPU.ActiveCfg = Release|Any CPU
		{C5F1CA24-6BD7-45FC-A715-166EA4904383}.Release|Any CPU.Build.0 = Release|Any CPU
		{7AF2F09C-04CB-43DE-8BD1-37B40D298E32}.Debug|Any CPU.ActiveCfg = Debug|Any CPU
		{7AF2F09C-04CB-43DE-8BD1-37B40D298E32}.Debug|Any CPU.Build.0 = Debug|Any CPU
		{7AF2F09C-04CB-43DE-8BD1-37B40D298E32}.Release|Any CPU.ActiveCfg = Release|Any CPU
		{7AF2F09C-04CB-43DE-8BD1-37B40D298E32}.Release|Any CPU.Build.0 = Release|Any CPU
		{A14B7234-EEA4-440D-AC4B-9173B4C31115}.Debug|Any CPU.ActiveCfg = Debug|Any CPU
		{A14B7234-EEA4-440D-AC4B-9173B4C31115}.Debug|Any CPU.Build.0 = Debug|Any CPU
		{A14B7234-EEA4-440D-AC4B-9173B4C31115}.Release|Any CPU.ActiveCfg = Release|Any CPU
		{A14B7234-EEA4-440D-AC4B-9173B4C31115}.Release|Any CPU.Build.0 = Release|Any CPU
		{45169822-9939-476C-84F8-17375A6AA460}.Debug|Any CPU.ActiveCfg = Debug|Any CPU
		{45169822-9939-476C-84F8-17375A6AA460}.Debug|Any CPU.Build.0 = Debug|Any CPU
		{45169822-9939-476C-84F8-17375A6AA460}.Release|Any CPU.ActiveCfg = Release|Any CPU
		{45169822-9939-476C-84F8-17375A6AA460}.Release|Any CPU.Build.0 = Release|Any CPU
	EndGlobalSection
	GlobalSection(SolutionProperties) = preSolution
		HideSolutionNode = FALSE
	EndGlobalSection
	GlobalSection(ExtensibilityGlobals) = postSolution
		SolutionGuid = {5945AE6A-3510-4709-8A67-F836295CF1B2}
	EndGlobalSection
EndGlobal
