
Microsoft Visual Studio Solution File, Format Version 12.00
# Visual Studio Version 17
VisualStudioVersion = 17.8.34525.116
MinimumVisualStudioVersion = 10.0.40219.1
Project("{FAE04EC0-301F-11D3-BF4B-00C04F79EFBC}") = "Eje02", "Guia3\Eje02.csproj", "{A7CC7ACD-C8E0-426F-8581-4449E6E851AD}"
EndProject
Project("{9A19103F-16F7-4668-BE54-9A1E7A4F7556}") = "Eje01", "Eje1\Eje01.csproj", "{D61A84D6-F8B1-454B-8554-6009744B0F89}"
EndProject
Project("{9A19103F-16F7-4668-BE54-9A1E7A4F7556}") = "Eje03", "Eje3\Eje03.csproj", "{9D44698A-0BDE-493F-9182-A4846E413939}"
EndProject
Project("{9A19103F-16F7-4668-BE54-9A1E7A4F7556}") = "Eje04", "Eje4\Eje04.csproj", "{3A7F855A-631C-4CDD-BBC3-36501EDFE1CA}"
EndProject
Project("{9A19103F-16F7-4668-BE54-9A1E7A4F7556}") = "Eje05", "Eje5\Eje05.csproj", "{4E369A1C-9072-45A0-9147-FFFE5DA97136}"
EndProject
Project("{9A19103F-16F7-4668-BE54-9A1E7A4F7556}") = "Eje06", "Eje6\Eje06.csproj", "{37F141A3-3D41-4B85-95B5-BEBAF4CCF23F}"
EndProject
Project("{9A19103F-16F7-4668-BE54-9A1E7A4F7556}") = "Eje07", "Eje7\Eje07.csproj", "{BFA74204-0D5D-40B2-98F1-4E23964256E0}"
EndProject
Project("{9A19103F-16F7-4668-BE54-9A1E7A4F7556}") = "Eje08", "Eje8\Eje08.csproj", "{3AE8B1EB-220C-4BC8-BDF9-82BB258A53A2}"
EndProject
Project("{9A19103F-16F7-4668-BE54-9A1E7A4F7556}") = "Eje09", "Eje9\Eje09.csproj", "{1AB2981C-532A-410C-B05F-9F1124080987}"
EndProject
Project("{9A19103F-16F7-4668-BE54-9A1E7A4F7556}") = "Eje10", "Eje10\Eje10.csproj", "{3705E8C5-5F54-4951-B107-39167EB4EB54}"
EndProject
Project("{9A19103F-16F7-4668-BE54-9A1E7A4F7556}") = "Eje11", "Eje11\Eje11.csproj", "{E0FC0414-BA75-4F64-B974-B6BC6ACB6D49}"
EndProject
Project("{9A19103F-16F7-4668-BE54-9A1E7A4F7556}") = "Eje12", "Eje12\Eje12.csproj", "{D4D66ADB-FFD0-4DC6-8F0B-D8846E3EF0D1}"
EndProject
Project("{9A19103F-16F7-4668-BE54-9A1E7A4F7556}") = "Eje13", "Eje13\Eje13.csproj", "{BFE6D18D-C070-4635-BB46-D07E1919F138}"
EndProject
Project("{9A19103F-16F7-4668-BE54-9A1E7A4F7556}") = "Eje14", "Eje14\Eje14.csproj", "{3A952832-0EAA-4E6E-B96F-8A269118510D}"
EndProject
Project("{9A19103F-16F7-4668-BE54-9A1E7A4F7556}") = "Eje15", "Eje15\Eje15.csproj", "{9DB74A00-7399-4080-AB2F-81E59A3CA1E0}"
EndProject
Project("{9A19103F-16F7-4668-BE54-9A1E7A4F7556}") = "Eje16", "Eje16\Eje16.csproj", "{6C88B437-9DEF-401D-908F-F980AD665B24}"
EndProject
Project("{9A19103F-16F7-4668-BE54-9A1E7A4F7556}") = "Eje17", "Eje17\Eje17.csproj", "{C5F1CA24-6BD7-45FC-A715-166EA4904383}"
EndProject
Project("{9A19103F-16F7-4668-BE54-9A1E7A4F7556}") = "Eje18", "Eje18\Eje18.csproj", "{7AF2F09C-04CB-43DE-8BD1-37B40D298E32}"
EndProject
Project("{9A19103F-16F7-4668-BE54-9A1E7A4F7556}") = "Eje19", "Eje19\Eje19.csproj", "{A14B7234-EEA4-440D-AC4B-9173B4C31115}"
EndProject
Project("{9A19103F-16F7-4668-BE54-9A1E7A4F7556}") = "Eje20", "Eje20\Eje20.csproj", "{45169822-9939-476C-84F8-17375A6AA460}"
EndProject
Project("{FAE04EC0-301F-11D3-BF4B-00C04F79EFBC}") = "Eje21", "Eje21\Eje21.csproj", "{5D37E3A5-118D-4835-ADAC-FA8DC0EFBCFC}"
EndProject
Project("{FAE04EC0-301F-11D3-BF4B-00C04F79EFBC}") = "Eje22", "Eje22\Eje22.csproj", "{24EC0798-966C-4B4F-9A6C-5F36846EFE5A}"
EndProject
Project("{FAE04EC0-301F-11D3-BF4B-00C04F79EFBC}") = "Eje23", "Eje23\Eje23.csproj", "{169EC034-46DE-49E5-B150-18A71131507C}"
EndProject
Project("{FAE04EC0-301F-11D3-BF4B-00C04F79EFBC}") = "Eje24", "Eje24\Eje24.csproj", "{CAA0D977-5F50-4FF0-8091-C7F4C1380025}"
EndProject
Project("{FAE04EC0-301F-11D3-BF4B-00C04F79EFBC}") = "Eje25", "Eje25\Eje25.csproj", "{FD8D1197-9601-4143-AA2A-3A2319B5E323}"
EndProject
Project("{FAE04EC0-301F-11D3-BF4B-00C04F79EFBC}") = "Eje26", "Eje26\Eje26.csproj", "{FCE555C8-6E50-4EEC-BE0F-EAF8C4DECE58}"
EndProject
Project("{FAE04EC0-301F-11D3-BF4B-00C04F79EFBC}") = "Eje27", "Eje27\Eje27.csproj", "{E29C575B-1B6A-4C7A-91B3-66D364BC5D04}"
EndProject
Project("{FAE04EC0-301F-11D3-BF4B-00C04F79EFBC}") = "Eje28", "Eje28\Eje28.csproj", "{CF1ED0A9-3A7A-48E1-A261-C712421876D8}"
EndProject
Project("{FAE04EC0-301F-11D3-BF4B-00C04F79EFBC}") = "Eje29", "Eje29\Eje29.csproj", "{2AAD85C5-7F0A-4DB7-920B-F888A88A09C6}"
EndProject
Project("{FAE04EC0-301F-11D3-BF4B-00C04F79EFBC}") = "Eje30", "Eje30\Eje30.csproj", "{6B52B93C-559D-4B2D-940E-FB706DA95B20}"
EndProject
Project("{FAE04EC0-301F-11D3-BF4B-00C04F79EFBC}") = "Eje31", "Eje31\Eje31.csproj", "{CBDEB96B-43C0-4445-B70E-A6562CBBB2BE}"
EndProject
Project("{FAE04EC0-301F-11D3-BF4B-00C04F79EFBC}") = "Eje32", "Eje32\Eje32.csproj", "{3317D03E-F57D-4551-A0CF-20DA43035197}"
EndProject
Project("{FAE04EC0-301F-11D3-BF4B-00C04F79EFBC}") = "Eje33", "Eje33\Eje33.csproj", "{B1A6FD34-5391-4578-B708-81C391ABE9BE}"
EndProject
Project("{FAE04EC0-301F-11D3-BF4B-00C04F79EFBC}") = "Eje34", "Eje34\Eje34.csproj", "{97758922-62C1-4482-9EF7-9853A3E6C2AA}"
EndProject
Global
	GlobalSection(SolutionConfigurationPlatforms) = preSolution
		Debug|Any CPU = Debug|Any CPU
		Release|Any CPU = Release|Any CPU
	EndGlobalSection
	GlobalSection(ProjectConfigurationPlatforms) = postSolution
		{A7CC7ACD-C8E0-426F-8581-4449E6E851AD}.Debug|Any CPU.ActiveCfg = Debug|Any CPU
		{A7CC7ACD-C8E0-426F-8581-4449E6E851AD}.Debug|Any CPU.Build.0 = Debug|Any CPU
		{A7CC7ACD-C8E0-426F-8581-4449E6E851AD}.Release|Any CPU.ActiveCfg = Release|Any CPU
		{A7CC7ACD-C8E0-426F-8581-4449E6E851AD}.Release|Any CPU.Build.0 = Release|Any CPU
		{D61A84D6-F8B1-454B-8554-6009744B0F89}.Debug|Any CPU.ActiveCfg = Debug|Any CPU
		{D61A84D6-F8B1-454B-8554-6009744B0F89}.Debug|Any CPU.Build.0 = Debug|Any CPU
		{D61A84D6-F8B1-454B-8554-6009744B0F89}.Release|Any CPU.ActiveCfg = Release|Any CPU
		{D61A84D6-F8B1-454B-8554-6009744B0F89}.Release|Any CPU.Build.0 = Release|Any CPU
		{9D44698A-0BDE-493F-9182-A4846E413939}.Debug|Any CPU.ActiveCfg = Debug|Any CPU
		{9D44698A-0BDE-493F-9182-A4846E413939}.Debug|Any CPU.Build.0 = Debug|Any CPU
		{9D44698A-0BDE-493F-9182-A4846E413939}.Release|Any CPU.ActiveCfg = Release|Any CPU
		{9D44698A-0BDE-493F-9182-A4846E413939}.Release|Any CPU.Build.0 = Release|Any CPU
		{3A7F855A-631C-4CDD-BBC3-36501EDFE1CA}.Debug|Any CPU.ActiveCfg = Debug|Any CPU
		{3A7F855A-631C-4CDD-BBC3-36501EDFE1CA}.Debug|Any CPU.Build.0 = Debug|Any CPU
		{3A7F855A-631C-4CDD-BBC3-36501EDFE1CA}.Release|Any CPU.ActiveCfg = Release|Any CPU
		{3A7F855A-631C-4CDD-BBC3-36501EDFE1CA}.Release|Any CPU.Build.0 = Release|Any CPU
		{4E369A1C-9072-45A0-9147-FFFE5DA97136}.Debug|Any CPU.ActiveCfg = Debug|Any CPU
		{4E369A1C-9072-45A0-9147-FFFE5DA97136}.Debug|Any CPU.Build.0 = Debug|Any CPU
		{4E369A1C-9072-45A0-9147-FFFE5DA97136}.Release|Any CPU.ActiveCfg = Release|Any CPU
		{4E369A1C-9072-45A0-9147-FFFE5DA97136}.Release|Any CPU.Build.0 = Release|Any CPU
		{37F141A3-3D41-4B85-95B5-BEBAF4CCF23F}.Debug|Any CPU.ActiveCfg = Debug|Any CPU
		{37F141A3-3D41-4B85-95B5-BEBAF4CCF23F}.Debug|Any CPU.Build.0 = Debug|Any CPU
		{37F141A3-3D41-4B85-95B5-BEBAF4CCF23F}.Release|Any CPU.ActiveCfg = Release|Any CPU
		{37F141A3-3D41-4B85-95B5-BEBAF4CCF23F}.Release|Any CPU.Build.0 = Release|Any CPU
		{BFA74204-0D5D-40B2-98F1-4E23964256E0}.Debug|Any CPU.ActiveCfg = Debug|Any CPU
		{BFA74204-0D5D-40B2-98F1-4E23964256E0}.Debug|Any CPU.Build.0 = Debug|Any CPU
		{BFA74204-0D5D-40B2-98F1-4E23964256E0}.Release|Any CPU.ActiveCfg = Release|Any CPU
		{BFA74204-0D5D-40B2-98F1-4E23964256E0}.Release|Any CPU.Build.0 = Release|Any CPU
		{3AE8B1EB-220C-4BC8-BDF9-82BB258A53A2}.Debug|Any CPU.ActiveCfg = Debug|Any CPU
		{3AE8B1EB-220C-4BC8-BDF9-82BB258A53A2}.Debug|Any CPU.Build.0 = Debug|Any CPU
		{3AE8B1EB-220C-4BC8-BDF9-82BB258A53A2}.Release|Any CPU.ActiveCfg = Release|Any CPU
		{3AE8B1EB-220C-4BC8-BDF9-82BB258A53A2}.Release|Any CPU.Build.0 = Release|Any CPU
		{1AB2981C-532A-410C-B05F-9F1124080987}.Debug|Any CPU.ActiveCfg = Debug|Any CPU
		{1AB2981C-532A-410C-B05F-9F1124080987}.Debug|Any CPU.Build.0 = Debug|Any CPU
		{1AB2981C-532A-410C-B05F-9F1124080987}.Release|Any CPU.ActiveCfg = Release|Any CPU
		{1AB2981C-532A-410C-B05F-9F1124080987}.Release|Any CPU.Build.0 = Release|Any CPU
		{3705E8C5-5F54-4951-B107-39167EB4EB54}.Debug|Any CPU.ActiveCfg = Debug|Any CPU
		{3705E8C5-5F54-4951-B107-39167EB4EB54}.Debug|Any CPU.Build.0 = Debug|Any CPU
		{3705E8C5-5F54-4951-B107-39167EB4EB54}.Release|Any CPU.ActiveCfg = Release|Any CPU
		{3705E8C5-5F54-4951-B107-39167EB4EB54}.Release|Any CPU.Build.0 = Release|Any CPU
		{E0FC0414-BA75-4F64-B974-B6BC6ACB6D49}.Debug|Any CPU.ActiveCfg = Debug|Any CPU
		{E0FC0414-BA75-4F64-B974-B6BC6ACB6D49}.Debug|Any CPU.Build.0 = Debug|Any CPU
		{E0FC0414-BA75-4F64-B974-B6BC6ACB6D49}.Release|Any CPU.ActiveCfg = Release|Any CPU
		{E0FC0414-BA75-4F64-B974-B6BC6ACB6D49}.Release|Any CPU.Build.0 = Release|Any CPU
		{D4D66ADB-FFD0-4DC6-8F0B-D8846E3EF0D1}.Debug|Any CPU.ActiveCfg = Debug|Any CPU
		{D4D66ADB-FFD0-4DC6-8F0B-D8846E3EF0D1}.Debug|Any CPU.Build.0 = Debug|Any CPU
		{D4D66ADB-FFD0-4DC6-8F0B-D8846E3EF0D1}.Release|Any CPU.ActiveCfg = Release|Any CPU
		{D4D66ADB-FFD0-4DC6-8F0B-D8846E3EF0D1}.Release|Any CPU.Build.0 = Release|Any CPU
		{BFE6D18D-C070-4635-BB46-D07E1919F138}.Debug|Any CPU.ActiveCfg = Debug|Any CPU
		{BFE6D18D-C070-4635-BB46-D07E1919F138}.Debug|Any CPU.Build.0 = Debug|Any CPU
		{BFE6D18D-C070-4635-BB46-D07E1919F138}.Release|Any CPU.ActiveCfg = Release|Any CPU
		{BFE6D18D-C070-4635-BB46-D07E1919F138}.Release|Any CPU.Build.0 = Release|Any CPU
		{3A952832-0EAA-4E6E-B96F-8A269118510D}.Debug|Any CPU.ActiveCfg = Debug|Any CPU
		{3A952832-0EAA-4E6E-B96F-8A269118510D}.Debug|Any CPU.Build.0 = Debug|Any CPU
		{3A952832-0EAA-4E6E-B96F-8A269118510D}.Release|Any CPU.ActiveCfg = Release|Any CPU
		{3A952832-0EAA-4E6E-B96F-8A269118510D}.Release|Any CPU.Build.0 = Release|Any CPU
		{9DB74A00-7399-4080-AB2F-81E59A3CA1E0}.Debug|Any CPU.ActiveCfg = Debug|Any CPU
		{9DB74A00-7399-4080-AB2F-81E59A3CA1E0}.Debug|Any CPU.Build.0 = Debug|Any CPU
		{9DB74A00-7399-4080-AB2F-81E59A3CA1E0}.Release|Any CPU.ActiveCfg = Release|Any CPU
		{9DB74A00-7399-4080-AB2F-81E59A3CA1E0}.Release|Any CPU.Build.0 = Release|Any CPU
		{6C88B437-9DEF-401D-908F-F980AD665B24}.Debug|Any CPU.ActiveCfg = Debug|Any CPU
		{6C88B437-9DEF-401D-908F-F980AD665B24}.Debug|Any CPU.Build.0 = Debug|Any CPU
		{6C88B437-9DEF-401D-908F-F980AD665B24}.Release|Any CPU.ActiveCfg = Release|Any CPU
		{6C88B437-9DEF-401D-908F-F980AD665B24}.Release|Any CPU.Build.0 = Release|Any CPU
		{C5F1CA24-6BD7-45FC-A715-166EA4904383}.Debug|Any CPU.ActiveCfg = Debug|Any CPU
		{C5F1CA24-6BD7-45FC-A715-166EA4904383}.Debug|Any CPU.Build.0 = Debug|Any CPU
		{C5F1CA24-6BD7-45FC-A715-166EA4904383}.Release|Any CPU.ActiveCfg = Release|Any CPU
		{C5F1CA24-6BD7-45FC-A715-166EA4904383}.Release|Any CPU.Build.0 = Release|Any CPU
		{7AF2F09C-04CB-43DE-8BD1-37B40D298E32}.Debug|Any CPU.ActiveCfg = Debug|Any CPU
		{7AF2F09C-04CB-43DE-8BD1-37B40D298E32}.Debug|Any CPU.Build.0 = Debug|Any CPU
		{7AF2F09C-04CB-43DE-8BD1-37B40D298E32}.Release|Any CPU.ActiveCfg = Release|Any CPU
		{7AF2F09C-04CB-43DE-8BD1-37B40D298E32}.Release|Any CPU.Build.0 = Release|Any CPU
		{A14B7234-EEA4-440D-AC4B-9173B4C31115}.Debug|Any CPU.ActiveCfg = Debug|Any CPU
		{A14B7234-EEA4-440D-AC4B-9173B4C31115}.Debug|Any CPU.Build.0 = Debug|Any CPU
		{A14B7234-EEA4-440D-AC4B-9173B4C31115}.Release|Any CPU.ActiveCfg = Release|Any CPU
		{A14B7234-EEA4-440D-AC4B-9173B4C31115}.Release|Any CPU.Build.0 = Release|Any CPU
		{45169822-9939-476C-84F8-17375A6AA460}.Debug|Any CPU.ActiveCfg = Debug|Any CPU
		{45169822-9939-476C-84F8-17375A6AA460}.Debug|Any CPU.Build.0 = Debug|Any CPU
		{45169822-9939-476C-84F8-17375A6AA460}.Release|Any CPU.ActiveCfg = Release|Any CPU
		{45169822-9939-476C-84F8-17375A6AA460}.Release|Any CPU.Build.0 = Release|Any CPU
		{5D37E3A5-118D-4835-ADAC-FA8DC0EFBCFC}.Debug|Any CPU.ActiveCfg = Debug|Any CPU
		{5D37E3A5-118D-4835-ADAC-FA8DC0EFBCFC}.Debug|Any CPU.Build.0 = Debug|Any CPU
		{5D37E3A5-118D-4835-ADAC-FA8DC0EFBCFC}.Release|Any CPU.ActiveCfg = Release|Any CPU
		{5D37E3A5-118D-4835-ADAC-FA8DC0EFBCFC}.Release|Any CPU.Build.0 = Release|Any CPU
		{24EC0798-966C-4B4F-9A6C-5F36846EFE5A}.Debug|Any CPU.ActiveCfg = Debug|Any CPU
		{24EC0798-966C-4B4F-9A6C-5F36846EFE5A}.Debug|Any CPU.Build.0 = Debug|Any CPU
		{24EC0798-966C-4B4F-9A6C-5F36846EFE5A}.Release|Any CPU.ActiveCfg = Release|Any CPU
		{24EC0798-966C-4B4F-9A6C-5F36846EFE5A}.Release|Any CPU.Build.0 = Release|Any CPU
		{169EC034-46DE-49E5-B150-18A71131507C}.Debug|Any CPU.ActiveCfg = Debug|Any CPU
		{169EC034-46DE-49E5-B150-18A71131507C}.Debug|Any CPU.Build.0 = Debug|Any CPU
		{169EC034-46DE-49E5-B150-18A71131507C}.Release|Any CPU.ActiveCfg = Release|Any CPU
		{169EC034-46DE-49E5-B150-18A71131507C}.Release|Any CPU.Build.0 = Release|Any CPU
		{CAA0D977-5F50-4FF0-8091-C7F4C1380025}.Debug|Any CPU.ActiveCfg = Debug|Any CPU
		{CAA0D977-5F50-4FF0-8091-C7F4C1380025}.Debug|Any CPU.Build.0 = Debug|Any CPU
		{CAA0D977-5F50-4FF0-8091-C7F4C1380025}.Release|Any CPU.ActiveCfg = Release|Any CPU
		{CAA0D977-5F50-4FF0-8091-C7F4C1380025}.Release|Any CPU.Build.0 = Release|Any CPU
		{FD8D1197-9601-4143-AA2A-3A2319B5E323}.Debug|Any CPU.ActiveCfg = Debug|Any CPU
		{FD8D1197-9601-4143-AA2A-3A2319B5E323}.Debug|Any CPU.Build.0 = Debug|Any CPU
		{FD8D1197-9601-4143-AA2A-3A2319B5E323}.Release|Any CPU.ActiveCfg = Release|Any CPU
		{FD8D1197-9601-4143-AA2A-3A2319B5E323}.Release|Any CPU.Build.0 = Release|Any CPU
		{FCE555C8-6E50-4EEC-BE0F-EAF8C4DECE58}.Debug|Any CPU.ActiveCfg = Debug|Any CPU
		{FCE555C8-6E50-4EEC-BE0F-EAF8C4DECE58}.Debug|Any CPU.Build.0 = Debug|Any CPU
		{FCE555C8-6E50-4EEC-BE0F-EAF8C4DECE58}.Release|Any CPU.ActiveCfg = Release|Any CPU
		{FCE555C8-6E50-4EEC-BE0F-EAF8C4DECE58}.Release|Any CPU.Build.0 = Release|Any CPU
		{E29C575B-1B6A-4C7A-91B3-66D364BC5D04}.Debug|Any CPU.ActiveCfg = Debug|Any CPU
		{E29C575B-1B6A-4C7A-91B3-66D364BC5D04}.Debug|Any CPU.Build.0 = Debug|Any CPU
		{E29C575B-1B6A-4C7A-91B3-66D364BC5D04}.Release|Any CPU.ActiveCfg = Release|Any CPU
		{E29C575B-1B6A-4C7A-91B3-66D364BC5D04}.Release|Any CPU.Build.0 = Release|Any CPU
		{CF1ED0A9-3A7A-48E1-A261-C712421876D8}.Debug|Any CPU.ActiveCfg = Debug|Any CPU
		{CF1ED0A9-3A7A-48E1-A261-C712421876D8}.Debug|Any CPU.Build.0 = Debug|Any CPU
		{CF1ED0A9-3A7A-48E1-A261-C712421876D8}.Release|Any CPU.ActiveCfg = Release|Any CPU
		{CF1ED0A9-3A7A-48E1-A261-C712421876D8}.Release|Any CPU.Build.0 = Release|Any CPU
		{2AAD85C5-7F0A-4DB7-920B-F888A88A09C6}.Debug|Any CPU.ActiveCfg = Debug|Any CPU
		{2AAD85C5-7F0A-4DB7-920B-F888A88A09C6}.Debug|Any CPU.Build.0 = Debug|Any CPU
		{2AAD85C5-7F0A-4DB7-920B-F888A88A09C6}.Release|Any CPU.ActiveCfg = Release|Any CPU
		{2AAD85C5-7F0A-4DB7-920B-F888A88A09C6}.Release|Any CPU.Build.0 = Release|Any CPU
		{6B52B93C-559D-4B2D-940E-FB706DA95B20}.Debug|Any CPU.ActiveCfg = Debug|Any CPU
		{6B52B93C-559D-4B2D-940E-FB706DA95B20}.Debug|Any CPU.Build.0 = Debug|Any CPU
		{6B52B93C-559D-4B2D-940E-FB706DA95B20}.Release|Any CPU.ActiveCfg = Release|Any CPU
		{6B52B93C-559D-4B2D-940E-FB706DA95B20}.Release|Any CPU.Build.0 = Release|Any CPU
		{CBDEB96B-43C0-4445-B70E-A6562CBBB2BE}.Debug|Any CPU.ActiveCfg = Debug|Any CPU
		{CBDEB96B-43C0-4445-B70E-A6562CBBB2BE}.Debug|Any CPU.Build.0 = Debug|Any CPU
		{CBDEB96B-43C0-4445-B70E-A6562CBBB2BE}.Release|Any CPU.ActiveCfg = Release|Any CPU
		{CBDEB96B-43C0-4445-B70E-A6562CBBB2BE}.Release|Any CPU.Build.0 = Release|Any CPU
		{3317D03E-F57D-4551-A0CF-20DA43035197}.Debug|Any CPU.ActiveCfg = Debug|Any CPU
		{3317D03E-F57D-4551-A0CF-20DA43035197}.Debug|Any CPU.Build.0 = Debug|Any CPU
		{3317D03E-F57D-4551-A0CF-20DA43035197}.Release|Any CPU.ActiveCfg = Release|Any CPU
		{3317D03E-F57D-4551-A0CF-20DA43035197}.Release|Any CPU.Build.0 = Release|Any CPU
		{B1A6FD34-5391-4578-B708-81C391ABE9BE}.Debug|Any CPU.ActiveCfg = Debug|Any CPU
		{B1A6FD34-5391-4578-B708-81C391ABE9BE}.Debug|Any CPU.Build.0 = Debug|Any CPU
		{B1A6FD34-5391-4578-B708-81C391ABE9BE}.Release|Any CPU.ActiveCfg = Release|Any CPU
		{B1A6FD34-5391-4578-B708-81C391ABE9BE}.Release|Any CPU.Build.0 = Release|Any CPU
		{97758922-62C1-4482-9EF7-9853A3E6C2AA}.Debug|Any CPU.ActiveCfg = Debug|Any CPU
		{97758922-62C1-4482-9EF7-9853A3E6C2AA}.Debug|Any CPU.Build.0 = Debug|Any CPU
		{97758922-62C1-4482-9EF7-9853A3E6C2AA}.Release|Any CPU.ActiveCfg = Release|Any CPU
		{97758922-62C1-4482-9EF7-9853A3E6C2AA}.Release|Any CPU.Build.0 = Release|Any CPU
	EndGlobalSection
	GlobalSection(SolutionProperties) = preSolution
		HideSolutionNode = FALSE
	EndGlobalSection
	GlobalSection(ExtensibilityGlobals) = postSolution
		SolutionGuid = {5945AE6A-3510-4709-8A67-F836295CF1B2}
	EndGlobalSection
EndGlobal
