
Microsoft Visual Studio Solution File, Format Version 12.00
# Visual Studio Version 17
VisualStudioVersion = 17.8.34525.116
MinimumVisualStudioVersion = 10.0.40219.1
Project("{9A19103F-16F7-4668-BE54-9A1E7A4F7556}") = "GUIA 4", "GUIA 4\GUIA 4.csproj", "{6EED2498-42C4-4A58-86A1-6759F1913D00}"
EndProject
Project("{9A19103F-16F7-4668-BE54-9A1E7A4F7556}") = "EJE03", "EJE03\EJE03.csproj", "{882032EF-B49D-4956-81FC-C6640E668AF6}"
EndProject
Project("{9A19103F-16F7-4668-BE54-9A1E7A4F7556}") = "EJE04", "EJE04\EJE04.csproj", "{D92A6531-40A4-446F-A2CA-1A03E1F13F97}"
EndProject
Project("{9A19103F-16F7-4668-BE54-9A1E7A4F7556}") = "EJE05", "EJE05\EJE05.csproj", "{453F1C3C-DEAD-4E56-9E09-89DBCD669120}"
EndProject
Project("{9A19103F-16F7-4668-BE54-9A1E7A4F7556}") = "EJE06", "EJE06\EJE06.csproj", "{2C5E31DB-2329-44CA-9DED-C5A9B7D7DBC8}"
EndProject
Project("{9A19103F-16F7-4668-BE54-9A1E7A4F7556}") = "EJE07", "EJE07\EJE07.csproj", "{D04B2B5C-B21D-4E32-8189-260B6C04F5FF}"
EndProject
Project("{9A19103F-16F7-4668-BE54-9A1E7A4F7556}") = "EJE08", "EJE08\EJE08.csproj", "{8ED0A615-8BBB-448B-AF96-A64635AD64D8}"
EndProject
Project("{9A19103F-16F7-4668-BE54-9A1E7A4F7556}") = "EJE09", "EJE09\EJE09.csproj", "{FBB9F00A-326F-4DEE-9EFC-8D6C556E1764}"
EndProject
Project("{9A19103F-16F7-4668-BE54-9A1E7A4F7556}") = "EJE10", "EJE10\EJE10.csproj", "{CD9D78A4-8E37-4EF7-A60D-9D361765BD60}"
EndProject
Project("{9A19103F-16F7-4668-BE54-9A1E7A4F7556}") = "EJE11", "EJE11\EJE11.csproj", "{274E9D73-EC6D-4B34-B1D1-244B89C8727E}"
EndProject
Project("{9A19103F-16F7-4668-BE54-9A1E7A4F7556}") = "EJE12", "EJE12\EJE12.csproj", "{B14F5C91-A9DB-4661-96CA-62A21D9C3302}"
EndProject
Project("{9A19103F-16F7-4668-BE54-9A1E7A4F7556}") = "EJE13", "EJE13\EJE13.csproj", "{0F42D57F-8651-4066-B0C3-730BEAAFCDDB}"
EndProject
Project("{9A19103F-16F7-4668-BE54-9A1E7A4F7556}") = "EJE14", "EJE14\EJE14.csproj", "{E7E9D08A-21F5-45BC-B1E4-645A8C8FE00E}"
EndProject
Project("{9A19103F-16F7-4668-BE54-9A1E7A4F7556}") = "EJE15", "EJE15\EJE15.csproj", "{CF79AC43-8168-4FDB-B625-C8D00FD2A799}"
EndProject
Project("{9A19103F-16F7-4668-BE54-9A1E7A4F7556}") = "EJE16", "EJE16\EJE16.csproj", "{4728DF0E-E62F-45CC-AEBC-1F9E8D235CF2}"
EndProject
Project("{9A19103F-16F7-4668-BE54-9A1E7A4F7556}") = "EJE17", "EJE17\EJE17.csproj", "{E24E78E4-8A0C-4A5F-B12D-E4C2D8D45EE5}"
EndProject
Project("{9A19103F-16F7-4668-BE54-9A1E7A4F7556}") = "EJE18", "EJE18\EJE18.csproj", "{4E82BD41-1FE3-4CE4-ACC1-4C58B501E66C}"
EndProject
Project("{9A19103F-16F7-4668-BE54-9A1E7A4F7556}") = "EJE19", "EJE19\EJE19.csproj", "{0DC08ED0-71DC-4633-ABC7-8858DB4BBCC6}"
EndProject
Project("{9A19103F-16F7-4668-BE54-9A1E7A4F7556}") = "EJE20", "EJE20\EJE20.csproj", "{AA7D594E-82FD-45B7-9280-53A47BB8B1B3}"
EndProject
Project("{9A19103F-16F7-4668-BE54-9A1E7A4F7556}") = "EJE21", "EJE21\EJE21.csproj", "{BD9FD94F-A3B0-409B-9A63-A038938716EC}"
EndProject
Project("{9A19103F-16F7-4668-BE54-9A1E7A4F7556}") = "EJE22", "EJE22\EJE22.csproj", "{78E3E3D0-63D2-4170-97E0-0D7C3F1CF193}"
EndProject
Project("{9A19103F-16F7-4668-BE54-9A1E7A4F7556}") = "EJE23", "EJE23\EJE23.csproj", "{C228004C-511A-47BE-ABD0-7D08022603F2}"
EndProject
Project("{9A19103F-16F7-4668-BE54-9A1E7A4F7556}") = "EJE24", "EJE24\EJE24.csproj", "{577DB4C3-502C-4EF7-AED0-5C2CFEB720DC}"
EndProject
Project("{9A19103F-16F7-4668-BE54-9A1E7A4F7556}") = "EJE25", "EJE25\EJE25.csproj", "{2C215964-B6C3-456F-8248-3CA795234719}"
EndProject
Project("{9A19103F-16F7-4668-BE54-9A1E7A4F7556}") = "EJE26", "EJE26\EJE26.csproj", "{8D567A47-6258-4567-9067-848616A4EB9E}"
EndProject
Project("{9A19103F-16F7-4668-BE54-9A1E7A4F7556}") = "EJE27", "EJE27\EJE27.csproj", "{E049E541-FBFC-444E-811A-594C68E379AF}"
EndProject
Project("{9A19103F-16F7-4668-BE54-9A1E7A4F7556}") = "EJE28", "EJE28\EJE28.csproj", "{1C2D5169-D79D-4C04-AD97-95DAA3C54768}"
EndProject
Project("{FAE04EC0-301F-11D3-BF4B-00C04F79EFBC}") = "EJE01", "EJE01\EJE01.csproj", "{E8500A3A-3E91-4577-8573-18CCCF5F3784}"
EndProject
Project("{FAE04EC0-301F-11D3-BF4B-00C04F79EFBC}") = "EJE02", "EJE02\EJE02.csproj", "{5B9C747B-7B4A-43D3-B716-0AD68BE4EE29}"
EndProject
Global
	GlobalSection(SolutionConfigurationPlatforms) = preSolution
		Debug|Any CPU = Debug|Any CPU
		Release|Any CPU = Release|Any CPU
	EndGlobalSection
	GlobalSection(ProjectConfigurationPlatforms) = postSolution
		{6EED2498-42C4-4A58-86A1-6759F1913D00}.Debug|Any CPU.ActiveCfg = Debug|Any CPU
		{6EED2498-42C4-4A58-86A1-6759F1913D00}.Debug|Any CPU.Build.0 = Debug|Any CPU
		{6EED2498-42C4-4A58-86A1-6759F1913D00}.Release|Any CPU.ActiveCfg = Release|Any CPU
		{6EED2498-42C4-4A58-86A1-6759F1913D00}.Release|Any CPU.Build.0 = Release|Any CPU
		{882032EF-B49D-4956-81FC-C6640E668AF6}.Debug|Any CPU.ActiveCfg = Debug|Any CPU
		{882032EF-B49D-4956-81FC-C6640E668AF6}.Debug|Any CPU.Build.0 = Debug|Any CPU
		{882032EF-B49D-4956-81FC-C6640E668AF6}.Release|Any CPU.ActiveCfg = Release|Any CPU
		{882032EF-B49D-4956-81FC-C6640E668AF6}.Release|Any CPU.Build.0 = Release|Any CPU
		{D92A6531-40A4-446F-A2CA-1A03E1F13F97}.Debug|Any CPU.ActiveCfg = Debug|Any CPU
		{D92A6531-40A4-446F-A2CA-1A03E1F13F97}.Debug|Any CPU.Build.0 = Debug|Any CPU
		{D92A6531-40A4-446F-A2CA-1A03E1F13F97}.Release|Any CPU.ActiveCfg = Release|Any CPU
		{D92A6531-40A4-446F-A2CA-1A03E1F13F97}.Release|Any CPU.Build.0 = Release|Any CPU
		{453F1C3C-DEAD-4E56-9E09-89DBCD669120}.Debug|Any CPU.ActiveCfg = Debug|Any CPU
		{453F1C3C-DEAD-4E56-9E09-89DBCD669120}.Debug|Any CPU.Build.0 = Debug|Any CPU
		{453F1C3C-DEAD-4E56-9E09-89DBCD669120}.Release|Any CPU.ActiveCfg = Release|Any CPU
		{453F1C3C-DEAD-4E56-9E09-89DBCD669120}.Release|Any CPU.Build.0 = Release|Any CPU
		{2C5E31DB-2329-44CA-9DED-C5A9B7D7DBC8}.Debug|Any CPU.ActiveCfg = Debug|Any CPU
		{2C5E31DB-2329-44CA-9DED-C5A9B7D7DBC8}.Debug|Any CPU.Build.0 = Debug|Any CPU
		{2C5E31DB-2329-44CA-9DED-C5A9B7D7DBC8}.Release|Any CPU.ActiveCfg = Release|Any CPU
		{2C5E31DB-2329-44CA-9DED-C5A9B7D7DBC8}.Release|Any CPU.Build.0 = Release|Any CPU
		{D04B2B5C-B21D-4E32-8189-260B6C04F5FF}.Debug|Any CPU.ActiveCfg = Debug|Any CPU
		{D04B2B5C-B21D-4E32-8189-260B6C04F5FF}.Debug|Any CPU.Build.0 = Debug|Any CPU
		{D04B2B5C-B21D-4E32-8189-260B6C04F5FF}.Release|Any CPU.ActiveCfg = Release|Any CPU
		{D04B2B5C-B21D-4E32-8189-260B6C04F5FF}.Release|Any CPU.Build.0 = Release|Any CPU
		{8ED0A615-8BBB-448B-AF96-A64635AD64D8}.Debug|Any CPU.ActiveCfg = Debug|Any CPU
		{8ED0A615-8BBB-448B-AF96-A64635AD64D8}.Debug|Any CPU.Build.0 = Debug|Any CPU
		{8ED0A615-8BBB-448B-AF96-A64635AD64D8}.Release|Any CPU.ActiveCfg = Release|Any CPU
		{8ED0A615-8BBB-448B-AF96-A64635AD64D8}.Release|Any CPU.Build.0 = Release|Any CPU
		{FBB9F00A-326F-4DEE-9EFC-8D6C556E1764}.Debug|Any CPU.ActiveCfg = Debug|Any CPU
		{FBB9F00A-326F-4DEE-9EFC-8D6C556E1764}.Debug|Any CPU.Build.0 = Debug|Any CPU
		{FBB9F00A-326F-4DEE-9EFC-8D6C556E1764}.Release|Any CPU.ActiveCfg = Release|Any CPU
		{FBB9F00A-326F-4DEE-9EFC-8D6C556E1764}.Release|Any CPU.Build.0 = Release|Any CPU
		{CD9D78A4-8E37-4EF7-A60D-9D361765BD60}.Debug|Any CPU.ActiveCfg = Debug|Any CPU
		{CD9D78A4-8E37-4EF7-A60D-9D361765BD60}.Debug|Any CPU.Build.0 = Debug|Any CPU
		{CD9D78A4-8E37-4EF7-A60D-9D361765BD60}.Release|Any CPU.ActiveCfg = Release|Any CPU
		{CD9D78A4-8E37-4EF7-A60D-9D361765BD60}.Release|Any CPU.Build.0 = Release|Any CPU
		{274E9D73-EC6D-4B34-B1D1-244B89C8727E}.Debug|Any CPU.ActiveCfg = Debug|Any CPU
		{274E9D73-EC6D-4B34-B1D1-244B89C8727E}.Debug|Any CPU.Build.0 = Debug|Any CPU
		{274E9D73-EC6D-4B34-B1D1-244B89C8727E}.Release|Any CPU.ActiveCfg = Release|Any CPU
		{274E9D73-EC6D-4B34-B1D1-244B89C8727E}.Release|Any CPU.Build.0 = Release|Any CPU
		{B14F5C91-A9DB-4661-96CA-62A21D9C3302}.Debug|Any CPU.ActiveCfg = Debug|Any CPU
		{B14F5C91-A9DB-4661-96CA-62A21D9C3302}.Debug|Any CPU.Build.0 = Debug|Any CPU
		{B14F5C91-A9DB-4661-96CA-62A21D9C3302}.Release|Any CPU.ActiveCfg = Release|Any CPU
		{B14F5C91-A9DB-4661-96CA-62A21D9C3302}.Release|Any CPU.Build.0 = Release|Any CPU
		{0F42D57F-8651-4066-B0C3-730BEAAFCDDB}.Debug|Any CPU.ActiveCfg = Debug|Any CPU
		{0F42D57F-8651-4066-B0C3-730BEAAFCDDB}.Debug|Any CPU.Build.0 = Debug|Any CPU
		{0F42D57F-8651-4066-B0C3-730BEAAFCDDB}.Release|Any CPU.ActiveCfg = Release|Any CPU
		{0F42D57F-8651-4066-B0C3-730BEAAFCDDB}.Release|Any CPU.Build.0 = Release|Any CPU
		{E7E9D08A-21F5-45BC-B1E4-645A8C8FE00E}.Debug|Any CPU.ActiveCfg = Debug|Any CPU
		{E7E9D08A-21F5-45BC-B1E4-645A8C8FE00E}.Debug|Any CPU.Build.0 = Debug|Any CPU
		{E7E9D08A-21F5-45BC-B1E4-645A8C8FE00E}.Release|Any CPU.ActiveCfg = Release|Any CPU
		{E7E9D08A-21F5-45BC-B1E4-645A8C8FE00E}.Release|Any CPU.Build.0 = Release|Any CPU
		{CF79AC43-8168-4FDB-B625-C8D00FD2A799}.Debug|Any CPU.ActiveCfg = Debug|Any CPU
		{CF79AC43-8168-4FDB-B625-C8D00FD2A799}.Debug|Any CPU.Build.0 = Debug|Any CPU
		{CF79AC43-8168-4FDB-B625-C8D00FD2A799}.Release|Any CPU.ActiveCfg = Release|Any CPU
		{CF79AC43-8168-4FDB-B625-C8D00FD2A799}.Release|Any CPU.Build.0 = Release|Any CPU
		{4728DF0E-E62F-45CC-AEBC-1F9E8D235CF2}.Debug|Any CPU.ActiveCfg = Debug|Any CPU
		{4728DF0E-E62F-45CC-AEBC-1F9E8D235CF2}.Debug|Any CPU.Build.0 = Debug|Any CPU
		{4728DF0E-E62F-45CC-AEBC-1F9E8D235CF2}.Release|Any CPU.ActiveCfg = Release|Any CPU
		{4728DF0E-E62F-45CC-AEBC-1F9E8D235CF2}.Release|Any CPU.Build.0 = Release|Any CPU
		{E24E78E4-8A0C-4A5F-B12D-E4C2D8D45EE5}.Debug|Any CPU.ActiveCfg = Debug|Any CPU
		{E24E78E4-8A0C-4A5F-B12D-E4C2D8D45EE5}.Debug|Any CPU.Build.0 = Debug|Any CPU
		{E24E78E4-8A0C-4A5F-B12D-E4C2D8D45EE5}.Release|Any CPU.ActiveCfg = Release|Any CPU
		{E24E78E4-8A0C-4A5F-B12D-E4C2D8D45EE5}.Release|Any CPU.Build.0 = Release|Any CPU
		{4E82BD41-1FE3-4CE4-ACC1-4C58B501E66C}.Debug|Any CPU.ActiveCfg = Debug|Any CPU
		{4E82BD41-1FE3-4CE4-ACC1-4C58B501E66C}.Debug|Any CPU.Build.0 = Debug|Any CPU
		{4E82BD41-1FE3-4CE4-ACC1-4C58B501E66C}.Release|Any CPU.ActiveCfg = Release|Any CPU
		{4E82BD41-1FE3-4CE4-ACC1-4C58B501E66C}.Release|Any CPU.Build.0 = Release|Any CPU
		{0DC08ED0-71DC-4633-ABC7-8858DB4BBCC6}.Debug|Any CPU.ActiveCfg = Debug|Any CPU
		{0DC08ED0-71DC-4633-ABC7-8858DB4BBCC6}.Debug|Any CPU.Build.0 = Debug|Any CPU
		{0DC08ED0-71DC-4633-ABC7-8858DB4BBCC6}.Release|Any CPU.ActiveCfg = Release|Any CPU
		{0DC08ED0-71DC-4633-ABC7-8858DB4BBCC6}.Release|Any CPU.Build.0 = Release|Any CPU
		{AA7D594E-82FD-45B7-9280-53A47BB8B1B3}.Debug|Any CPU.ActiveCfg = Debug|Any CPU
		{AA7D594E-82FD-45B7-9280-53A47BB8B1B3}.Debug|Any CPU.Build.0 = Debug|Any CPU
		{AA7D594E-82FD-45B7-9280-53A47BB8B1B3}.Release|Any CPU.ActiveCfg = Release|Any CPU
		{AA7D594E-82FD-45B7-9280-53A47BB8B1B3}.Release|Any CPU.Build.0 = Release|Any CPU
		{BD9FD94F-A3B0-409B-9A63-A038938716EC}.Debug|Any CPU.ActiveCfg = Debug|Any CPU
		{BD9FD94F-A3B0-409B-9A63-A038938716EC}.Debug|Any CPU.Build.0 = Debug|Any CPU
		{BD9FD94F-A3B0-409B-9A63-A038938716EC}.Release|Any CPU.ActiveCfg = Release|Any CPU
		{BD9FD94F-A3B0-409B-9A63-A038938716EC}.Release|Any CPU.Build.0 = Release|Any CPU
		{78E3E3D0-63D2-4170-97E0-0D7C3F1CF193}.Debug|Any CPU.ActiveCfg = Debug|Any CPU
		{78E3E3D0-63D2-4170-97E0-0D7C3F1CF193}.Debug|Any CPU.Build.0 = Debug|Any CPU
		{78E3E3D0-63D2-4170-97E0-0D7C3F1CF193}.Release|Any CPU.ActiveCfg = Release|Any CPU
		{78E3E3D0-63D2-4170-97E0-0D7C3F1CF193}.Release|Any CPU.Build.0 = Release|Any CPU
		{C228004C-511A-47BE-ABD0-7D08022603F2}.Debug|Any CPU.ActiveCfg = Debug|Any CPU
		{C228004C-511A-47BE-ABD0-7D08022603F2}.Debug|Any CPU.Build.0 = Debug|Any CPU
		{C228004C-511A-47BE-ABD0-7D08022603F2}.Release|Any CPU.ActiveCfg = Release|Any CPU
		{C228004C-511A-47BE-ABD0-7D08022603F2}.Release|Any CPU.Build.0 = Release|Any CPU
		{577DB4C3-502C-4EF7-AED0-5C2CFEB720DC}.Debug|Any CPU.ActiveCfg = Debug|Any CPU
		{577DB4C3-502C-4EF7-AED0-5C2CFEB720DC}.Debug|Any CPU.Build.0 = Debug|Any CPU
		{577DB4C3-502C-4EF7-AED0-5C2CFEB720DC}.Release|Any CPU.ActiveCfg = Release|Any CPU
		{577DB4C3-502C-4EF7-AED0-5C2CFEB720DC}.Release|Any CPU.Build.0 = Release|Any CPU
		{2C215964-B6C3-456F-8248-3CA795234719}.Debug|Any CPU.ActiveCfg = Debug|Any CPU
		{2C215964-B6C3-456F-8248-3CA795234719}.Debug|Any CPU.Build.0 = Debug|Any CPU
		{2C215964-B6C3-456F-8248-3CA795234719}.Release|Any CPU.ActiveCfg = Release|Any CPU
		{2C215964-B6C3-456F-8248-3CA795234719}.Release|Any CPU.Build.0 = Release|Any CPU
		{8D567A47-6258-4567-9067-848616A4EB9E}.Debug|Any CPU.ActiveCfg = Debug|Any CPU
		{8D567A47-6258-4567-9067-848616A4EB9E}.Debug|Any CPU.Build.0 = Debug|Any CPU
		{8D567A47-6258-4567-9067-848616A4EB9E}.Release|Any CPU.ActiveCfg = Release|Any CPU
		{8D567A47-6258-4567-9067-848616A4EB9E}.Release|Any CPU.Build.0 = Release|Any CPU
		{E049E541-FBFC-444E-811A-594C68E379AF}.Debug|Any CPU.ActiveCfg = Debug|Any CPU
		{E049E541-FBFC-444E-811A-594C68E379AF}.Debug|Any CPU.Build.0 = Debug|Any CPU
		{E049E541-FBFC-444E-811A-594C68E379AF}.Release|Any CPU.ActiveCfg = Release|Any CPU
		{E049E541-FBFC-444E-811A-594C68E379AF}.Release|Any CPU.Build.0 = Release|Any CPU
		{1C2D5169-D79D-4C04-AD97-95DAA3C54768}.Debug|Any CPU.ActiveCfg = Debug|Any CPU
		{1C2D5169-D79D-4C04-AD97-95DAA3C54768}.Debug|Any CPU.Build.0 = Debug|Any CPU
		{1C2D5169-D79D-4C04-AD97-95DAA3C54768}.Release|Any CPU.ActiveCfg = Release|Any CPU
		{1C2D5169-D79D-4C04-AD97-95DAA3C54768}.Release|Any CPU.Build.0 = Release|Any CPU
		{E8500A3A-3E91-4577-8573-18CCCF5F3784}.Debug|Any CPU.ActiveCfg = Debug|Any CPU
		{E8500A3A-3E91-4577-8573-18CCCF5F3784}.Debug|Any CPU.Build.0 = Debug|Any CPU
		{E8500A3A-3E91-4577-8573-18CCCF5F3784}.Release|Any CPU.ActiveCfg = Release|Any CPU
		{E8500A3A-3E91-4577-8573-18CCCF5F3784}.Release|Any CPU.Build.0 = Release|Any CPU
		{5B9C747B-7B4A-43D3-B716-0AD68BE4EE29}.Debug|Any CPU.ActiveCfg = Debug|Any CPU
		{5B9C747B-7B4A-43D3-B716-0AD68BE4EE29}.Debug|Any CPU.Build.0 = Debug|Any CPU
		{5B9C747B-7B4A-43D3-B716-0AD68BE4EE29}.Release|Any CPU.ActiveCfg = Release|Any CPU
		{5B9C747B-7B4A-43D3-B716-0AD68BE4EE29}.Release|Any CPU.Build.0 = Release|Any CPU
	EndGlobalSection
	GlobalSection(SolutionProperties) = preSolution
		HideSolutionNode = FALSE
	EndGlobalSection
	GlobalSection(ExtensibilityGlobals) = postSolution
		SolutionGuid = {5F4381E9-A98C-41B0-8900-3DDA4272054E}
	EndGlobalSection
EndGlobal
